{
    "_meta": {
        "hash": {
            "sha256": "e303cd9112af9c509cfad22f3646504cde2d32a0c642dfdbf9f74a9c98517f51"
        },
        "pipfile-spec": 6,
        "requires": {},
        "sources": [
            {
                "name": "pypi",
                "url": "https://pypi.org/simple",
                "verify_ssl": true
            }
        ]
    },
    "default": {},
    "develop": {
        "aiofiles": {
            "hashes": [
                "sha256:9312414ae06472eb6f1d163f555e466a23aed1c8f60c30cccf7121dba2e53eb2",
                "sha256:edd247df9a19e0db16534d4baaf536d6609a43e1de5401d7a4c1c148753a1635"
            ],
            "markers": "python_version >= '3.7' and python_version < '4.0'",
            "version": "==23.1.0"
        },
        "anyio": {
            "hashes": [
                "sha256:25ea0d673ae30af41a0c442f81cf3b38c7e79fdc7b60335a4c14e05eb0947421",
                "sha256:fbbe32bd270d2a2ef3ed1c5d45041250284e31fc0a4df4a5a6071842051a51e3"
            ],
            "markers": "python_full_version >= '3.6.2'",
            "version": "==3.6.2"
        },
        "asgi-csrf": {
            "hashes": [
                "sha256:6e9d3bddaeac1a8fd33b188fe2abc8271f9085ab7be6e1a7f4d3c9df5d7f741a",
                "sha256:e974cffb8a4ab84a28a0088acbf7a4ecc5be4a64f08dcbe19c60dea103da01c0"
            ],
            "version": "==0.9"
        },
        "asgiref": {
            "hashes": [
                "sha256:71e68008da809b957b7ee4b43dbccff33d1b23519fb8344e33f049897077afac",
                "sha256:9567dfe7bd8d3c8c892227827c41cce860b368104c3431da67a0c5a65a949506"
            ],
            "markers": "python_version >= '3.7'",
            "version": "==3.6.0"
        },
        "attrs": {
            "hashes": [
                "sha256:29e95c7f6778868dbd49170f98f8818f78f3dc5e0e37c0b1f474e3561b240836",
                "sha256:c9227bfc2f01993c03f68db37d1d15c9690188323c067c641f1a35ca58185f99"
            ],
            "markers": "python_version >= '3.6'",
            "version": "==22.2.0"
        },
        "black": {
            "hashes": [
                "sha256:064101748afa12ad2291c2b91c960be28b817c0c7eaa35bec09cc63aa56493c5",
                "sha256:0945e13506be58bf7db93ee5853243eb368ace1c08a24c65ce108986eac65915",
                "sha256:11c410f71b876f961d1de77b9699ad19f939094c3a677323f43d7a29855fe326",
                "sha256:1c7b8d606e728a41ea1ccbd7264677e494e87cf630e399262ced92d4a8dac940",
                "sha256:1d06691f1eb8de91cd1b322f21e3bfc9efe0c7ca1f0e1eb1db44ea367dff656b",
                "sha256:3238f2aacf827d18d26db07524e44741233ae09a584273aa059066d644ca7b30",
                "sha256:32daa9783106c28815d05b724238e30718f34155653d4d6e125dc7daec8e260c",
                "sha256:35d1381d7a22cc5b2be2f72c7dfdae4072a3336060635718cc7e1ede24221d6c",
                "sha256:3a150542a204124ed00683f0db1f5cf1c2aaaa9cc3495b7a3b5976fb136090ab",
                "sha256:48f9d345675bb7fbc3dd85821b12487e1b9a75242028adad0333ce36ed2a6d27",
                "sha256:50cb33cac881766a5cd9913e10ff75b1e8eb71babf4c7104f2e9c52da1fb7de2",
                "sha256:562bd3a70495facf56814293149e51aa1be9931567474993c7942ff7d3533961",
                "sha256:67de8d0c209eb5b330cce2469503de11bca4085880d62f1628bd9972cc3366b9",
                "sha256:6b39abdfb402002b8a7d030ccc85cf5afff64ee90fa4c5aebc531e3ad0175ddb",
                "sha256:6f3c333ea1dd6771b2d3777482429864f8e258899f6ff05826c3a4fcc5ce3f70",
                "sha256:714290490c18fb0126baa0fca0a54ee795f7502b44177e1ce7624ba1c00f2331",
                "sha256:7c3eb7cea23904399866c55826b31c1f55bbcd3890ce22ff70466b907b6775c2",
                "sha256:92c543f6854c28a3c7f39f4d9b7694f9a6eb9d3c5e2ece488c327b6e7ea9b266",
                "sha256:a6f6886c9869d4daae2d1715ce34a19bbc4b95006d20ed785ca00fa03cba312d",
                "sha256:a8a968125d0a6a404842fa1bf0b349a568634f856aa08ffaff40ae0dfa52e7c6",
                "sha256:c7ab5790333c448903c4b721b59c0d80b11fe5e9803d8703e84dcb8da56fec1b",
                "sha256:e114420bf26b90d4b9daa597351337762b63039752bdf72bf361364c1aa05925",
                "sha256:e198cf27888ad6f4ff331ca1c48ffc038848ea9f031a3b40ba36aced7e22f2c8",
                "sha256:ec751418022185b0c1bb7d7736e6933d40bbb14c14a0abcf9123d1b159f98dd4",
                "sha256:f0bd2f4a58d6666500542b26354978218a9babcdc972722f4bf90779524515f3"
            ],
            "index": "pypi",
            "version": "==23.3.0"
        },
        "bleach": {
            "hashes": [
                "sha256:1a1a85c1595e07d8db14c5f09f09e6433502c51c595970edc090551f0db99414",
                "sha256:33c16e3353dbd13028ab4799a0f89a83f113405c766e9c122df8a06f5b85b3f4"
            ],
            "markers": "python_version >= '3.7'",
            "version": "==6.0.0"
        },
        "certifi": {
            "hashes": [
                "sha256:35824b4c3a97115964b408844d64aa14db1cc518f6562e8d7261699d1350a9e3",
                "sha256:4ad3232f5e926d6718ec31cfc1fcadfde020920e278684144551c91769c7bc18"
            ],
            "markers": "python_version >= '3.6'",
            "version": "==2022.12.7"
        },
        "click": {
            "hashes": [
                "sha256:7682dc8afb30297001674575ea00d1814d808d6a36af415a82bd481d37ba7b8e",
                "sha256:bb4d8133cb15a609f44e8213d9b391b0809795062913b383c62be0ee95b1db48"
            ],
            "markers": "python_version >= '3.7'",
            "version": "==8.1.3"
        },
        "click-default-group-wheel": {
            "hashes": [
                "sha256:1599b0b6e0ff63ee806c2cb76593cb8cc73e723cd53532c92bc496dc6fc90e5c",
                "sha256:e90da42d92c03e88a12ed0c0b69c8a29afb5d36e3dc8d29c423ba4219e6d7747"
            ],
            "version": "==1.2.2"
        },
        "coverage": {
            "extras": [
                "toml"
            ],
            "hashes": [
                "sha256:06ddd9c0249a0546997fdda5a30fbcb40f23926df0a874a60a8a185bc3a87d93",
                "sha256:0743b0035d4b0e32bc1df5de70fba3059662ace5b9a2a86a9f894cfe66569013",
                "sha256:0f3736a5d34e091b0a611964c6262fd68ca4363df56185902528f0b75dbb9c1f",
                "sha256:1127b16220f7bfb3f1049ed4a62d26d81970a723544e8252db0efde853268e21",
                "sha256:172db976ae6327ed4728e2507daf8a4de73c7cc89796483e0a9198fd2e47b462",
                "sha256:182eb9ac3f2b4874a1f41b78b87db20b66da6b9cdc32737fbbf4fea0c35b23fc",
                "sha256:1bb1e77a9a311346294621be905ea8a2c30d3ad371fc15bb72e98bfcfae532df",
                "sha256:1fd78b911aea9cec3b7e1e2622c8018d51c0d2bbcf8faaf53c2497eb114911c1",
                "sha256:20d1a2a76bb4eb00e4d36b9699f9b7aba93271c9c29220ad4c6a9581a0320235",
                "sha256:21b154aba06df42e4b96fc915512ab39595105f6c483991287021ed95776d934",
                "sha256:2c2e58e45fe53fab81f85474e5d4d226eeab0f27b45aa062856c89389da2f0d9",
                "sha256:2c3b2803e730dc2797a017335827e9da6da0e84c745ce0f552e66400abdfb9a1",
                "sha256:3146b8e16fa60427e03884301bf8209221f5761ac754ee6b267642a2fd354c48",
                "sha256:344e714bd0fe921fc72d97404ebbdbf9127bac0ca1ff66d7b79efc143cf7c0c4",
                "sha256:387065e420aed3c71b61af7e82c7b6bc1c592f7e3c7a66e9f78dd178699da4fe",
                "sha256:3f04becd4fcda03c0160d0da9c8f0c246bc78f2f7af0feea1ec0930e7c93fa4a",
                "sha256:4a42e1eff0ca9a7cb7dc9ecda41dfc7cbc17cb1d02117214be0561bd1134772b",
                "sha256:4ea748802cc0de4de92ef8244dd84ffd793bd2e7be784cd8394d557a3c751e21",
                "sha256:55416d7385774285b6e2a5feca0af9652f7f444a4fa3d29d8ab052fafef9d00d",
                "sha256:5d0391fb4cfc171ce40437f67eb050a340fdbd0f9f49d6353a387f1b7f9dd4fa",
                "sha256:63cdeaac4ae85a179a8d6bc09b77b564c096250d759eed343a89d91bce8b6367",
                "sha256:72fcae5bcac3333a4cf3b8f34eec99cea1187acd55af723bcbd559adfdcb5535",
                "sha256:7c4ed4e9f3b123aa403ab424430b426a1992e6f4c8fd3cb56ea520446e04d152",
                "sha256:83957d349838a636e768251c7e9979e899a569794b44c3728eaebd11d848e58e",
                "sha256:87ecc7c9a1a9f912e306997ffee020297ccb5ea388421fe62a2a02747e4d5539",
                "sha256:8f69770f5ca1994cb32c38965e95f57504d3aea96b6c024624fdd5bb1aa494a1",
                "sha256:8f6c930fd70d91ddee53194e93029e3ef2aabe26725aa3c2753df057e296b925",
                "sha256:965ee3e782c7892befc25575fa171b521d33798132692df428a09efacaffe8d0",
                "sha256:974bc90d6f6c1e59ceb1516ab00cf1cdfbb2e555795d49fa9571d611f449bcb2",
                "sha256:981b4df72c93e3bc04478153df516d385317628bd9c10be699c93c26ddcca8ab",
                "sha256:aa784405f0c640940595fa0f14064d8e84aff0b0f762fa18393e2760a2cf5841",
                "sha256:ae7863a1d8db6a014b6f2ff9c1582ab1aad55a6d25bac19710a8df68921b6e30",
                "sha256:aeae2aa38395b18106e552833f2a50c27ea0000122bde421c31d11ed7e6f9c91",
                "sha256:b2317d5ed777bf5a033e83d4f1389fd4ef045763141d8f10eb09a7035cee774c",
                "sha256:be19931a8dcbe6ab464f3339966856996b12a00f9fe53f346ab3be872d03e257",
                "sha256:be9824c1c874b73b96288c6d3de793bf7f3a597770205068c6163ea1f326e8b9",
                "sha256:c0045f8f23a5fb30b2eb3b8a83664d8dc4fb58faddf8155d7109166adb9f2040",
                "sha256:c86bd45d1659b1ae3d0ba1909326b03598affbc9ed71520e0ff8c31a993ad911",
                "sha256:ca0f34363e2634deffd390a0fef1aa99168ae9ed2af01af4a1f5865e362f8623",
                "sha256:d298c2815fa4891edd9abe5ad6e6cb4207104c7dd9fd13aea3fdebf6f9b91259",
                "sha256:d2a3a6146fe9319926e1d477842ca2a63fe99af5ae690b1f5c11e6af074a6b5c",
                "sha256:dfd393094cd82ceb9b40df4c77976015a314b267d498268a076e940fe7be6b79",
                "sha256:e58c0d41d336569d63d1b113bd573db8363bc4146f39444125b7f8060e4e04f5",
                "sha256:ea3f5bc91d7d457da7d48c7a732beaf79d0c8131df3ab278e6bba6297e23c6c4",
                "sha256:ea53151d87c52e98133eb8ac78f1206498c015849662ca8dc246255265d9c3c4",
                "sha256:eb0edc3ce9760d2f21637766c3aa04822030e7451981ce569a1b3456b7053f22",
                "sha256:f649dd53833b495c3ebd04d6eec58479454a1784987af8afb77540d6c1767abd",
                "sha256:f760073fcf8f3d6933178d67754f4f2d4e924e321f4bb0dcef0424ca0215eba1",
                "sha256:fa546d66639d69aa967bf08156eb8c9d0cd6f6de84be9e8c9819f52ad499c910",
                "sha256:fd214917cabdd6f673a29d708574e9fbdb892cb77eb426d0eae3490d95ca7859",
                "sha256:fff5aaa6becf2c6a1699ae6a39e2e6fb0672c2d42eca8eb0cafa91cf2e9bd312"
            ],
            "markers": "python_version >= '3.7'",
            "version": "==7.2.3"
        },
        "datasette": {
            "hashes": [
                "sha256:527fc40741d8d0d6c09e660f1151d10ff8fdc42aebaaff4a6be4813e221eb4b2",
                "sha256:e9e16edbd3af2e11a2f251964fd8d9b7f9e4c4189790bc6c23f0fafa8ee458fc"
            ],
            "markers": "python_version >= '3.7'",
            "version": "==0.64.2"
        },
        "datasette-block-robots": {
            "hashes": [
                "sha256:e679fc43c5694194a6e393902bc9e06d611563f4947a8ad7ac3127877f0a9f74",
                "sha256:ea1e4046fd1aab1db13db09ea89dba95714aabf034f464cff92f2b6f0a123ef8"
            ],
            "index": "pypi",
            "version": "==1.1"
        },
        "datasette-cluster-map": {
            "hashes": [
                "sha256:7ae0c28865b3741363bfc705046d49aba253b23113f6f659b34691b031e6a308",
                "sha256:863854f7ee3d037b172a696b5a0861648394502514087745e2224da5a0135622"
            ],
            "index": "pypi",
            "version": "==0.17.2"
        },
        "datasette-dashboards": {
            "editable": true,
            "extras": [
                "test"
            ],
            "path": "."
        },
        "datasette-leaflet": {
            "hashes": [
                "sha256:8fd4e634304be392ae6f7de770d4f22b95a37caecd676a35faeb6200da9423bc",
                "sha256:fd88c25666e7680b25b4c6e5546bd02c9f5836bbc0fee61042dbb6b93d4139f0"
            ],
            "markers": "python_version >= '3.6'",
            "version": "==0.2.2"
        },
        "datasette-publish-vercel": {
            "hashes": [
                "sha256:5c6ba4ce54898c79c62eeeb27b79437773e569fbc2da3fba8a3f9dd2cb8908f6",
                "sha256:9632bbed0012941bf171510ea39d79ae8db0977d99300f1c36b176ea00cc05d5"
            ],
            "index": "pypi",
            "version": "==0.14.2"
        },
        "datasette-render-markdown": {
            "hashes": [
                "sha256:5487d57080e0bb0db40a7048c2f41d86cedb05e4fb669fcb9ac6e20051361675",
                "sha256:fbadcf30190fac66d6bfe239f12c25abe358b5b8a0f625b3673c23c3e822d4f4"
            ],
            "markers": "python_version >= '3.7'",
            "version": "==2.1.1"
        },
        "datasette-vega": {
            "hashes": [
                "sha256:6aca6a40f0b244d6d05548bfff94a99f0ef96bd5b89ade241f0d389f7a01a063"
            ],
            "index": "pypi",
            "version": "==0.6.2"
        },
        "exceptiongroup": {
            "hashes": [
                "sha256:232c37c63e4f682982c8b6459f33a8981039e5fb8756b2074364e5055c498c9e",
                "sha256:d484c3090ba2889ae2928419117447a14daf3c1231d5e30d0aae34f354f01785"
            ],
            "markers": "python_version < '3.11'",
            "version": "==1.1.1"
        },
        "faker": {
            "hashes": [
                "sha256:170ead9d0d140916168b142df69c44722b8f622ced2070802d0af9c476f0cb84",
                "sha256:977ad0b7aa7a61ed57287d6a0723a827e9d3dd1f8cc82aaf08707f281b33bacc"
            ],
            "markers": "python_version >= '3.7'",
            "version": "==18.4.0"
        },
        "flake8": {
            "hashes": [
                "sha256:3833794e27ff64ea4e9cf5d410082a8b97ff1a06c16aa3d2027339cd0f1195c7",
                "sha256:c61007e76655af75e6785a931f452915b371dc48f56efd765247c8fe68f2b181"
            ],
            "index": "pypi",
            "version": "==6.0.0"
        },
        "h11": {
            "hashes": [
                "sha256:8f19fbbe99e72420ff35c00b27a34cb9937e902a8b810e2c88300c6f0a3b699d",
                "sha256:e3fe4ac4b851c468cc8363d500db52c2ead036020723024a109d37346efaa761"
            ],
            "markers": "python_version >= '3.7'",
            "version": "==0.14.0"
        },
        "httpcore": {
            "hashes": [
                "sha256:c5d6f04e2fc530f39e0c077e6a30caa53f1451096120f1f38b954afd0b17c0cb",
                "sha256:da1fb708784a938aa084bde4feb8317056c55037247c787bd7e19eb2c2949dc0"
            ],
            "markers": "python_version >= '3.7'",
            "version": "==0.16.3"
        },
        "httpx": {
            "hashes": [
                "sha256:9818458eb565bb54898ccb9b8b251a28785dd4a55afbc23d0eb410754fe7d0f9",
                "sha256:a211fcce9b1254ea24f0cd6af9869b3d29aba40154e947d2a07bb499b3e310d6"
            ],
            "markers": "python_version >= '3.7'",
            "version": "==0.23.3"
        },
        "hupper": {
            "hashes": [
                "sha256:18b1653d9832c9f8e7d3401986c7e7af2ae6783616be0bc406bfe0b14134a5c6",
                "sha256:b8bc41bb75939e816f30f118026d0ba99544af4d6992583df3b4813765af27ef"
            ],
            "markers": "python_version >= '3.7'",
            "version": "==1.12"
        },
        "idna": {
            "hashes": [
                "sha256:814f528e8dead7d329833b91c5faa87d60bf71824cd12a7530b5526063d02cb4",
                "sha256:90b77e79eaa3eba6de819a0c442c0b4ceefc341a7a2ab77d7562bf49f425c5c2"
            ],
            "markers": "python_version >= '3.5'",
            "version": "==3.4"
        },
        "importlib-metadata": {
            "hashes": [
                "sha256:8388b74023a138c605fddd0d47cb81dd706232569f56c9aca7d9c7fdb54caeba",
                "sha256:9127aad2f49d7203e7112098c12b92e4fd1061ccd18548cdfdc49171a8c073cc"
            ],
            "index": "pypi",
            "version": "==6.2.0"
        },
        "iniconfig": {
            "hashes": [
                "sha256:2d91e135bf72d31a410b17c16da610a82cb55f6b0477d1a902134b24a455b8b3",
                "sha256:b6a85871a79d2e3b22d2d1b94ac2824226a63c6b741c88f7ae975f18b6778374"
            ],
            "markers": "python_version >= '3.7'",
            "version": "==2.0.0"
        },
        "itsdangerous": {
            "hashes": [
                "sha256:2c2349112351b88699d8d4b6b075022c0808887cb7ad10069318a8b0bc88db44",
                "sha256:5dbbc68b317e5e42f327f9021763545dc3fc3bfe22e6deb96aaf1fc38874156a"
            ],
            "markers": "python_version >= '3.7'",
            "version": "==2.1.2"
        },
        "janus": {
            "hashes": [
                "sha256:2596ea5482711c1ee3ef2df6c290aaf370a13c55a007826e8f7c32d696d1d00a",
                "sha256:df976f2cdcfb034b147a2d51edfc34ff6bfb12d4e2643d3ad0e10de058cb1612"
            ],
            "markers": "python_version >= '3.7'",
            "version": "==1.0.0"
        },
        "jinja2": {
            "hashes": [
                "sha256:31351a702a408a9e7595a8fc6150fc3f43bb6bf7e319770cbc0db9df9437e852",
                "sha256:6088930bfe239f0e6710546ab9c19c9ef35e29792895fed6e6e31a023a182a61"
            ],
            "markers": "python_version >= '3.7'",
            "version": "==3.1.2"
        },
        "markdown": {
            "hashes": [
                "sha256:065fd4df22da73a625f14890dd77eb8040edcbd68794bcd35943be14490608b2",
                "sha256:8bf101198e004dc93e84a12a7395e31aac6a9c9942848ae1d99b9d72cf9b3520"
            ],
            "markers": "python_version >= '3.7'",
            "version": "==3.4.3"
        },
        "markupsafe": {
            "hashes": [
                "sha256:0576fe974b40a400449768941d5d0858cc624e3249dfd1e0c33674e5c7ca7aed",
                "sha256:085fd3201e7b12809f9e6e9bc1e5c96a368c8523fad5afb02afe3c051ae4afcc",
                "sha256:090376d812fb6ac5f171e5938e82e7f2d7adc2b629101cec0db8b267815c85e2",
                "sha256:0b462104ba25f1ac006fdab8b6a01ebbfbce9ed37fd37fd4acd70c67c973e460",
                "sha256:137678c63c977754abe9086a3ec011e8fd985ab90631145dfb9294ad09c102a7",
                "sha256:1bea30e9bf331f3fef67e0a3877b2288593c98a21ccb2cf29b74c581a4eb3af0",
                "sha256:22152d00bf4a9c7c83960521fc558f55a1adbc0631fbb00a9471e097b19d72e1",
                "sha256:22731d79ed2eb25059ae3df1dfc9cb1546691cc41f4e3130fe6bfbc3ecbbecfa",
                "sha256:2298c859cfc5463f1b64bd55cb3e602528db6fa0f3cfd568d3605c50678f8f03",
                "sha256:28057e985dace2f478e042eaa15606c7efccb700797660629da387eb289b9323",
                "sha256:2e7821bffe00aa6bd07a23913b7f4e01328c3d5cc0b40b36c0bd81d362faeb65",
                "sha256:2ec4f2d48ae59bbb9d1f9d7efb9236ab81429a764dedca114f5fdabbc3788013",
                "sha256:340bea174e9761308703ae988e982005aedf427de816d1afe98147668cc03036",
                "sha256:40627dcf047dadb22cd25ea7ecfe9cbf3bbbad0482ee5920b582f3809c97654f",
                "sha256:40dfd3fefbef579ee058f139733ac336312663c6706d1163b82b3003fb1925c4",
                "sha256:4cf06cdc1dda95223e9d2d3c58d3b178aa5dacb35ee7e3bbac10e4e1faacb419",
                "sha256:50c42830a633fa0cf9e7d27664637532791bfc31c731a87b202d2d8ac40c3ea2",
                "sha256:55f44b440d491028addb3b88f72207d71eeebfb7b5dbf0643f7c023ae1fba619",
                "sha256:608e7073dfa9e38a85d38474c082d4281f4ce276ac0010224eaba11e929dd53a",
                "sha256:63ba06c9941e46fa389d389644e2d8225e0e3e5ebcc4ff1ea8506dce646f8c8a",
                "sha256:65608c35bfb8a76763f37036547f7adfd09270fbdbf96608be2bead319728fcd",
                "sha256:665a36ae6f8f20a4676b53224e33d456a6f5a72657d9c83c2aa00765072f31f7",
                "sha256:6d6607f98fcf17e534162f0709aaad3ab7a96032723d8ac8750ffe17ae5a0666",
                "sha256:7313ce6a199651c4ed9d7e4cfb4aa56fe923b1adf9af3b420ee14e6d9a73df65",
                "sha256:7668b52e102d0ed87cb082380a7e2e1e78737ddecdde129acadb0eccc5423859",
                "sha256:7df70907e00c970c60b9ef2938d894a9381f38e6b9db73c5be35e59d92e06625",
                "sha256:7e007132af78ea9df29495dbf7b5824cb71648d7133cf7848a2a5dd00d36f9ff",
                "sha256:835fb5e38fd89328e9c81067fd642b3593c33e1e17e2fdbf77f5676abb14a156",
                "sha256:8bca7e26c1dd751236cfb0c6c72d4ad61d986e9a41bbf76cb445f69488b2a2bd",
                "sha256:8db032bf0ce9022a8e41a22598eefc802314e81b879ae093f36ce9ddf39ab1ba",
                "sha256:99625a92da8229df6d44335e6fcc558a5037dd0a760e11d84be2260e6f37002f",
                "sha256:9cad97ab29dfc3f0249b483412c85c8ef4766d96cdf9dcf5a1e3caa3f3661cf1",
                "sha256:a4abaec6ca3ad8660690236d11bfe28dfd707778e2442b45addd2f086d6ef094",
                "sha256:a6e40afa7f45939ca356f348c8e23048e02cb109ced1eb8420961b2f40fb373a",
                "sha256:a6f2fcca746e8d5910e18782f976489939d54a91f9411c32051b4aab2bd7c513",
                "sha256:a806db027852538d2ad7555b203300173dd1b77ba116de92da9afbc3a3be3eed",
                "sha256:abcabc8c2b26036d62d4c746381a6f7cf60aafcc653198ad678306986b09450d",
                "sha256:b8526c6d437855442cdd3d87eede9c425c4445ea011ca38d937db299382e6fa3",
                "sha256:bb06feb762bade6bf3c8b844462274db0c76acc95c52abe8dbed28ae3d44a147",
                "sha256:c0a33bc9f02c2b17c3ea382f91b4db0e6cde90b63b296422a939886a7a80de1c",
                "sha256:c4a549890a45f57f1ebf99c067a4ad0cb423a05544accaf2b065246827ed9603",
                "sha256:ca244fa73f50a800cf8c3ebf7fd93149ec37f5cb9596aa8873ae2c1d23498601",
                "sha256:cf877ab4ed6e302ec1d04952ca358b381a882fbd9d1b07cccbfd61783561f98a",
                "sha256:d9d971ec1e79906046aa3ca266de79eac42f1dbf3612a05dc9368125952bd1a1",
                "sha256:da25303d91526aac3672ee6d49a2f3db2d9502a4a60b55519feb1a4c7714e07d",
                "sha256:e55e40ff0cc8cc5c07996915ad367fa47da6b3fc091fdadca7f5403239c5fec3",
                "sha256:f03a532d7dee1bed20bc4884194a16160a2de9ffc6354b3878ec9682bb623c54",
                "sha256:f1cd098434e83e656abf198f103a8207a8187c0fc110306691a2e94a78d0abb2",
                "sha256:f2bfb563d0211ce16b63c7cb9395d2c682a23187f54c3d79bfec33e6705473c6",
                "sha256:f8ffb705ffcf5ddd0e80b65ddf7bed7ee4f5a441ea7d3419e861a12eaf41af58"
            ],
            "markers": "python_version >= '3.7'",
            "version": "==2.1.2"
        },
        "mccabe": {
            "hashes": [
                "sha256:348e0240c33b60bbdf4e523192ef919f28cb2c3d7d5c7794f74009290f236325",
                "sha256:6c2d30ab6be0e4a46919781807b4f0d834ebdd6c6e3dca0bda5a15f863427b6e"
            ],
            "markers": "python_version >= '3.6'",
            "version": "==0.7.0"
        },
        "mergedeep": {
            "hashes": [
                "sha256:0096d52e9dad9939c3d975a774666af186eda617e6ca84df4c94dec30004f2a8",
                "sha256:70775750742b25c0d8f36c55aed03d24c3384d17c951b3175d898bd778ef0307"
            ],
            "markers": "python_version >= '3.6'",
            "version": "==1.3.4"
        },
        "mypy": {
            "hashes": [
                "sha256:023fe9e618182ca6317ae89833ba422c411469156b690fde6a315ad10695a521",
                "sha256:031fc69c9a7e12bcc5660b74122ed84b3f1c505e762cc4296884096c6d8ee140",
                "sha256:2de7babe398cb7a85ac7f1fd5c42f396c215ab3eff731b4d761d68d0f6a80f48",
                "sha256:2e93a8a553e0394b26c4ca683923b85a69f7ccdc0139e6acd1354cc884fe0128",
                "sha256:390bc685ec209ada4e9d35068ac6988c60160b2b703072d2850457b62499e336",
                "sha256:3a2d219775a120581a0ae8ca392b31f238d452729adbcb6892fa89688cb8306a",
                "sha256:3efde4af6f2d3ccf58ae825495dbb8d74abd6d176ee686ce2ab19bd025273f41",
                "sha256:4a99fe1768925e4a139aace8f3fb66db3576ee1c30b9c0f70f744ead7e329c9f",
                "sha256:4b41412df69ec06ab141808d12e0bf2823717b1c363bd77b4c0820feaa37249e",
                "sha256:4c8d8c6b80aa4a1689f2a179d31d86ae1367ea4a12855cc13aa3ba24bb36b2d8",
                "sha256:4d19f1a239d59f10fdc31263d48b7937c585810288376671eaf75380b074f238",
                "sha256:4e4a682b3f2489d218751981639cffc4e281d548f9d517addfd5a2917ac78119",
                "sha256:695c45cea7e8abb6f088a34a6034b1d273122e5530aeebb9c09626cea6dca4cb",
                "sha256:701189408b460a2ff42b984e6bd45c3f41f0ac9f5f58b8873bbedc511900086d",
                "sha256:70894c5345bea98321a2fe84df35f43ee7bb0feec117a71420c60459fc3e1eed",
                "sha256:8293a216e902ac12779eb7a08f2bc39ec6c878d7c6025aa59464e0c4c16f7eb9",
                "sha256:8d26b513225ffd3eacece727f4387bdce6469192ef029ca9dd469940158bc89e",
                "sha256:a197ad3a774f8e74f21e428f0de7f60ad26a8d23437b69638aac2764d1e06a6a",
                "sha256:bea55fc25b96c53affab852ad94bf111a3083bc1d8b0c76a61dd101d8a388cf5",
                "sha256:c9a084bce1061e55cdc0493a2ad890375af359c766b8ac311ac8120d3a472950",
                "sha256:d0e9464a0af6715852267bf29c9553e4555b61f5904a4fc538547a4d67617937",
                "sha256:d8e9187bfcd5ffedbe87403195e1fc340189a68463903c39e2b63307c9fa0394",
                "sha256:eaeaa0888b7f3ccb7bcd40b50497ca30923dba14f385bde4af78fac713d6d6f6",
                "sha256:f46af8d162f3d470d8ffc997aaf7a269996d205f9d746124a179d3abe05ac602",
                "sha256:f70a40410d774ae23fcb4afbbeca652905a04de7948eaf0b1789c8d1426b72d1",
                "sha256:fe91be1c51c90e2afe6827601ca14353bbf3953f343c2129fa1e247d55fd95ba"
            ],
            "index": "pypi",
            "version": "==1.2.0"
        },
        "mypy-extensions": {
            "hashes": [
                "sha256:4392f6c0eb8a5668a69e23d168ffa70f0be9ccfd32b5cc2d26a34ae5b844552d",
                "sha256:75dbf8955dc00442a438fc4d0666508a9a97b6bd41aa2f0ffe9d2f2725af0782"
            ],
            "markers": "python_version >= '3.5'",
            "version": "==1.0.0"
        },
        "packaging": {
            "hashes": [
                "sha256:714ac14496c3e68c99c29b00845f7a2b85f3bb6f1078fd9f72fd20f0570002b2",
                "sha256:b6ad297f8907de0fa2fe1ccbd26fdaf387f5f47c7275fedf8cce89f99446cf97"
            ],
            "markers": "python_version >= '3.7'",
            "version": "==23.0"
        },
        "pathspec": {
            "hashes": [
                "sha256:2798de800fa92780e33acca925945e9a19a133b715067cf165b8866c15a31687",
                "sha256:d8af70af76652554bd134c22b3e8a1cc46ed7d91edcdd721ef1a0c51a84a5293"
            ],
            "markers": "python_version >= '3.7'",
            "version": "==0.11.1"
        },
        "pint": {
            "hashes": [
                "sha256:387cf04078dc7dfe4a708033baad54ab61d82ab06c4ee3d4922b1e45d5626067",
                "sha256:68afe65665542ee3ec99f69f043b1d39bfe7c6d61b786940157138fd08b838fb"
            ],
            "markers": "python_version >= '3.8'",
            "version": "==0.20.1"
        },
        "platformdirs": {
            "hashes": [
                "sha256:d5b638ca397f25f979350ff789db335903d7ea010ab28903f57b27e1b16c2b08",
                "sha256:ebe11c0d7a805086e99506aa331612429a72ca7cd52a1f0d277dc4adc20cb10e"
            ],
            "markers": "python_version >= '3.7'",
            "version": "==3.2.0"
        },
        "pluggy": {
            "hashes": [
                "sha256:4224373bacce55f955a878bf9cfa763c1e360858e330072059e10bad68531159",
                "sha256:74134bbf457f031a36d68416e1509f34bd5ccc019f0bcc952c7b909d06b37bd3"
            ],
            "markers": "python_version >= '3.6'",
            "version": "==1.0.0"
        },
        "pycodestyle": {
            "hashes": [
                "sha256:347187bdb476329d98f695c213d7295a846d1152ff4fe9bacb8a9590b8ee7053",
                "sha256:8a4eaf0d0495c7395bdab3589ac2db602797d76207242c17d470186815706610"
            ],
            "markers": "python_version >= '3.6'",
            "version": "==2.10.0"
        },
        "pyflakes": {
            "hashes": [
                "sha256:ec55bf7fe21fff7f1ad2f7da62363d749e2a470500eab1b555334b67aa1ef8cf",
                "sha256:ec8b276a6b60bd80defed25add7e439881c19e64850afd9b346283d4165fd0fd"
            ],
            "markers": "python_version >= '3.6'",
            "version": "==3.0.1"
        },
        "pytest": {
            "hashes": [
                "sha256:130328f552dcfac0b1cec75c12e3f005619dc5f874f0a06e8ff7263f0ee6225e",
                "sha256:c99ab0c73aceb050f68929bc93af19ab6db0558791c6a0715723abe9d0ade9d4"
            ],
            "markers": "python_version >= '3.7'",
            "version": "==7.2.2"
        },
        "pytest-asyncio": {
            "hashes": [
                "sha256:2b38a496aef56f56b0e87557ec313e11e1ab9276fc3863f6a7be0f1d0e415e1b",
                "sha256:f2b3366b7cd501a4056858bd39349d5af19742aed2d81660b7998b6341c7eb9c"
            ],
            "markers": "python_version >= '3.7'",
            "version": "==0.21.0"
        },
        "pytest-cov": {
            "hashes": [
                "sha256:2feb1b751d66a8bd934e5edfa2e961d11309dc37b73b0eabe73b5945fee20f6b",
                "sha256:996b79efde6433cdbd0088872dbc5fb3ed7fe1578b68cdbba634f14bb8dd0470"
            ],
            "index": "pypi",
            "version": "==4.0.0"
        },
        "python-dateutil": {
            "hashes": [
                "sha256:0123cacc1627ae19ddf3c27a5de5bd67ee4586fbdd6440d9748f8abb483d3e86",
                "sha256:961d03dc3453ebbc59dbdea9e4e11c5651520a876d0f4db161e8674aae935da9"
            ],
            "markers": "python_version >= '2.7' and python_version not in '3.0, 3.1, 3.2, 3.3'",
            "version": "==2.8.2"
        },
        "python-multipart": {
            "hashes": [
                "sha256:e9925a80bb668529f1b67c7fdb0a5dacdd7cbfc6fb0bff3ea443fe22bdd62132",
                "sha256:ee698bab5ef148b0a760751c261902cd096e57e10558e11aca17646b74ee1c18"
            ],
            "markers": "python_version >= '3.7'",
            "version": "==0.0.6"
        },
        "pyyaml": {
            "hashes": [
                "sha256:01b45c0191e6d66c470b6cf1b9531a771a83c1c4208272ead47a3ae4f2f603bf",
                "sha256:0283c35a6a9fbf047493e3a0ce8d79ef5030852c51e9d911a27badfde0605293",
                "sha256:055d937d65826939cb044fc8c9b08889e8c743fdc6a32b33e2390f66013e449b",
                "sha256:07751360502caac1c067a8132d150cf3d61339af5691fe9e87803040dbc5db57",
                "sha256:0b4624f379dab24d3725ffde76559cff63d9ec94e1736b556dacdfebe5ab6d4b",
                "sha256:0ce82d761c532fe4ec3f87fc45688bdd3a4c1dc5e0b4a19814b9009a29baefd4",
                "sha256:1e4747bc279b4f613a09eb64bba2ba602d8a6664c6ce6396a4d0cd413a50ce07",
                "sha256:213c60cd50106436cc818accf5baa1aba61c0189ff610f64f4a3e8c6726218ba",
                "sha256:231710d57adfd809ef5d34183b8ed1eeae3f76459c18fb4a0b373ad56bedcdd9",
                "sha256:277a0ef2981ca40581a47093e9e2d13b3f1fbbeffae064c1d21bfceba2030287",
                "sha256:2cd5df3de48857ed0544b34e2d40e9fac445930039f3cfe4bcc592a1f836d513",
                "sha256:40527857252b61eacd1d9af500c3337ba8deb8fc298940291486c465c8b46ec0",
                "sha256:432557aa2c09802be39460360ddffd48156e30721f5e8d917f01d31694216782",
                "sha256:473f9edb243cb1935ab5a084eb238d842fb8f404ed2193a915d1784b5a6b5fc0",
                "sha256:48c346915c114f5fdb3ead70312bd042a953a8ce5c7106d5bfb1a5254e47da92",
                "sha256:50602afada6d6cbfad699b0c7bb50d5ccffa7e46a3d738092afddc1f9758427f",
                "sha256:68fb519c14306fec9720a2a5b45bc9f0c8d1b9c72adf45c37baedfcd949c35a2",
                "sha256:77f396e6ef4c73fdc33a9157446466f1cff553d979bd00ecb64385760c6babdc",
                "sha256:81957921f441d50af23654aa6c5e5eaf9b06aba7f0a19c18a538dc7ef291c5a1",
                "sha256:819b3830a1543db06c4d4b865e70ded25be52a2e0631ccd2f6a47a2822f2fd7c",
                "sha256:897b80890765f037df3403d22bab41627ca8811ae55e9a722fd0392850ec4d86",
                "sha256:98c4d36e99714e55cfbaaee6dd5badbc9a1ec339ebfc3b1f52e293aee6bb71a4",
                "sha256:9df7ed3b3d2e0ecfe09e14741b857df43adb5a3ddadc919a2d94fbdf78fea53c",
                "sha256:9fa600030013c4de8165339db93d182b9431076eb98eb40ee068700c9c813e34",
                "sha256:a80a78046a72361de73f8f395f1f1e49f956c6be882eed58505a15f3e430962b",
                "sha256:afa17f5bc4d1b10afd4466fd3a44dc0e245382deca5b3c353d8b757f9e3ecb8d",
                "sha256:b3d267842bf12586ba6c734f89d1f5b871df0273157918b0ccefa29deb05c21c",
                "sha256:b5b9eccad747aabaaffbc6064800670f0c297e52c12754eb1d976c57e4f74dcb",
                "sha256:bfaef573a63ba8923503d27530362590ff4f576c626d86a9fed95822a8255fd7",
                "sha256:c5687b8d43cf58545ade1fe3e055f70eac7a5a1a0bf42824308d868289a95737",
                "sha256:cba8c411ef271aa037d7357a2bc8f9ee8b58b9965831d9e51baf703280dc73d3",
                "sha256:d15a181d1ecd0d4270dc32edb46f7cb7733c7c508857278d3d378d14d606db2d",
                "sha256:d4b0ba9512519522b118090257be113b9468d804b19d63c71dbcf4a48fa32358",
                "sha256:d4db7c7aef085872ef65a8fd7d6d09a14ae91f691dec3e87ee5ee0539d516f53",
                "sha256:d4eccecf9adf6fbcc6861a38015c2a64f38b9d94838ac1810a9023a0609e1b78",
                "sha256:d67d839ede4ed1b28a4e8909735fc992a923cdb84e618544973d7dfc71540803",
                "sha256:daf496c58a8c52083df09b80c860005194014c3698698d1a57cbcfa182142a3a",
                "sha256:dbad0e9d368bb989f4515da330b88a057617d16b6a8245084f1b05400f24609f",
                "sha256:e61ceaab6f49fb8bdfaa0f92c4b57bcfbea54c09277b1b4f7ac376bfb7a7c174",
                "sha256:f84fbc98b019fef2ee9a1cb3ce93e3187a6df0b2538a651bfb890254ba9f90b5"
            ],
            "markers": "python_version >= '3.6'",
            "version": "==6.0"
        },
        "rfc3986": {
            "extras": [
                "idna2008"
            ],
            "hashes": [
                "sha256:270aaf10d87d0d4e095063c65bf3ddbc6ee3d0b226328ce21e036f946e421835",
                "sha256:a86d6e1f5b1dc238b218b012df0aa79409667bb209e58da56d0b94704e712a97"
            ],
            "version": "==1.5.0"
        },
        "six": {
            "hashes": [
                "sha256:1e61c37477a1626458e36f7b1d82aa5c9b094fa4802892072e49de9c60c4c926",
                "sha256:8abb2f1d86890a2dfb989f9a77cfcfd3e47c2a354b01111771326f8aa26e0254"
            ],
            "markers": "python_version >= '2.7' and python_version not in '3.0, 3.1, 3.2, 3.3'",
            "version": "==1.16.0"
        },
        "sniffio": {
            "hashes": [
                "sha256:e60305c5e5d314f5389259b7f22aaa33d8f7dee49763119234af3755c55b9101",
                "sha256:eecefdce1e5bbfb7ad2eeaabf7c1eeb404d7757c379bd1f7e5cce9d8bf425384"
            ],
            "markers": "python_version >= '3.7'",
            "version": "==1.3.0"
        },
        "sqlite-fts4": {
            "hashes": [
                "sha256:0359edd8dea6fd73c848989e1e2b1f31a50fe5f9d7272299ff0e8dbaa62d035f",
                "sha256:78b05eeaf6680e9dbed8986bde011e9c086a06cb0c931b3cf7da94c214e8930c"
            ],
            "version": "==1.0.3"
        },
        "sqlite-utils": {
            "hashes": [
                "sha256:30005c12d5f13445659f791766beb6a9900c25f442bea1f980f21d38b75f6e33",
                "sha256:e2113e5ce8e9c69822fff419145d7144034b0bd7bb6bf9b8bf92bcc6de859705"
            ],
            "markers": "python_version >= '3.6'",
            "version": "==3.30"
        },
        "tabulate": {
            "hashes": [
                "sha256:0095b12bf5966de529c0feb1fa08671671b3368eec77d7ef7ab114be2c068b3c",
                "sha256:024ca478df22e9340661486f85298cff5f6dcdba14f3813e8830015b9ed1948f"
            ],
            "markers": "python_version >= '3.7'",
            "version": "==0.9.0"
        },
        "tomli": {
            "hashes": [
                "sha256:939de3e7a6161af0c887ef91b7d41a53e7c5a1ca976325f429cb46ea9bc30ecc",
                "sha256:de526c12914f0c550d15924c62d72abc48d6fe7364aa87328337a31007fe8a4f"
            ],
            "markers": "python_version < '3.11'",
            "version": "==2.0.1"
        },
        "typing-extensions": {
            "hashes": [
                "sha256:5cb5f4a79139d699607b3ef622a1dedafa84e115ab0024e0d9c044a9479ca7cb",
                "sha256:fb33085c39dd998ac16d1431ebc293a8b3eedd00fd4a32de0ff79002c19511b4"
            ],
            "markers": "python_version >= '3.7'",
            "version": "==4.5.0"
        },
        "uvicorn": {
            "hashes": [
                "sha256:0fac9cb342ba099e0d582966005f3fdba5b0290579fed4a6266dc702ca7bb032",
                "sha256:e47cac98a6da10cd41e6fd036d472c6f58ede6c5dbee3dbee3ef7a100ed97742"
            ],
            "markers": "python_version >= '3.7'",
            "version": "==0.21.1"
        },
        "webencodings": {
            "hashes": [
                "sha256:a0af1213f3c2226497a97e2b3aa01a7e4bee4f403f95be16fc9acd2947514a78",
                "sha256:b36a1c245f2d304965eb4e0a82848379241dc04b865afcc4aab16748587e1923"
            ],
            "version": "==0.5.1"
        },
        "zipp": {
            "hashes": [
                "sha256:112929ad649da941c23de50f356a2b5570c954b65150642bccdd66bf194d224b",
                "sha256:48904fc76a60e542af151aded95726c1a5c34ed43ab4134b597665c86d7ad556"
            ],
            "markers": "python_version >= '3.7'",
            "version": "==3.15.0"
        }
    }
}
